{
  "object": {
    "pins": [
      {
        "package": "monki-projects-model-swift",
        "repositoryURL": "https://github.com/MonkiProjects/monki-projects-model-swift",
        "state": {
          "branch": null,
          "revision": "e900b58d719939fefcd09172b432d6f0c2fe2b43",
          "version": "0.3.4"
        }
      }
    ]
  },
  "version": 1
}
