{
  "object": {
    "pins": [
      {
        "package": "monki-projects-model",
        "repositoryURL": "https://github.com/MonkiProjects/monki-projects-model-swift.git",
        "state": {
          "branch": "main",
          "revision": "90df3a3cbaa3597bf7b1d3f532ad4c3b8c200534",
          "version": null
        }
      }
    ]
  },
  "version": 1
}
